
Microsoft Visual Studio Solution File, Format Version 12.00
# Visual Studio 2012
Project("{FAE04EC0-301F-11D3-BF4B-00C04F79EFBC}") = "ChocoPM", "ChocoPM\ChocoPM.csproj", "{8B6A6315-66AD-4E45-A826-B6925FEF6E12}"
EndProject
Project("{FAE04EC0-301F-11D3-BF4B-00C04F79EFBC}") = "UnitTests", "UnitTests\UnitTests.csproj", "{40B88731-57CD-488C-AB8F-1B5D233838E8}"
EndProject
Project("{930C7802-8A8C-48F9-8165-68863BCCD9DD}") = "ChocoPM.Installer", "ChocoPM.Installer\ChocoPM.Installer.wixproj", "{EFD6AFA5-F427-41A4-B079-DB3936A884A6}"
EndProject
Project("{FAE04EC0-301F-11D3-BF4B-00C04F79EFBC}") = "Markdown.Xaml", "Markdown.Xaml\Markdown.Xaml.csproj", "{34186C3B-C308-4CAE-B462-DB7B5F5E378C}"
EndProject
Global
	GlobalSection(SolutionConfigurationPlatforms) = preSolution
		Analysis|Any CPU = Analysis|Any CPU
		Analysis|Mixed Platforms = Analysis|Mixed Platforms
		Analysis|x86 = Analysis|x86
		Debug|Any CPU = Debug|Any CPU
		Debug|Mixed Platforms = Debug|Mixed Platforms
		Debug|x86 = Debug|x86
		Release|Any CPU = Release|Any CPU
		Release|Mixed Platforms = Release|Mixed Platforms
		Release|x86 = Release|x86
	EndGlobalSection
	GlobalSection(ProjectConfigurationPlatforms) = postSolution
		{8B6A6315-66AD-4E45-A826-B6925FEF6E12}.Analysis|Any CPU.ActiveCfg = Release|Any CPU
		{8B6A6315-66AD-4E45-A826-B6925FEF6E12}.Analysis|Any CPU.Build.0 = Release|Any CPU
		{8B6A6315-66AD-4E45-A826-B6925FEF6E12}.Analysis|Mixed Platforms.ActiveCfg = Release|Any CPU
		{8B6A6315-66AD-4E45-A826-B6925FEF6E12}.Analysis|Mixed Platforms.Build.0 = Release|Any CPU
		{8B6A6315-66AD-4E45-A826-B6925FEF6E12}.Analysis|x86.ActiveCfg = Release|Any CPU
		{8B6A6315-66AD-4E45-A826-B6925FEF6E12}.Debug|Any CPU.ActiveCfg = Debug|Any CPU
		{8B6A6315-66AD-4E45-A826-B6925FEF6E12}.Debug|Any CPU.Build.0 = Debug|Any CPU
		{8B6A6315-66AD-4E45-A826-B6925FEF6E12}.Debug|Mixed Platforms.ActiveCfg = Debug|Any CPU
		{8B6A6315-66AD-4E45-A826-B6925FEF6E12}.Debug|Mixed Platforms.Build.0 = Debug|Any CPU
		{8B6A6315-66AD-4E45-A826-B6925FEF6E12}.Debug|x86.ActiveCfg = Debug|Any CPU
		{8B6A6315-66AD-4E45-A826-B6925FEF6E12}.Release|Any CPU.ActiveCfg = Release|Any CPU
		{8B6A6315-66AD-4E45-A826-B6925FEF6E12}.Release|Any CPU.Build.0 = Release|Any CPU
		{8B6A6315-66AD-4E45-A826-B6925FEF6E12}.Release|Mixed Platforms.ActiveCfg = Release|Any CPU
		{8B6A6315-66AD-4E45-A826-B6925FEF6E12}.Release|Mixed Platforms.Build.0 = Release|Any CPU
		{8B6A6315-66AD-4E45-A826-B6925FEF6E12}.Release|x86.ActiveCfg = Release|Any CPU
		{40B88731-57CD-488C-AB8F-1B5D233838E8}.Analysis|Any CPU.ActiveCfg = Release|Any CPU
		{40B88731-57CD-488C-AB8F-1B5D233838E8}.Analysis|Any CPU.Build.0 = Release|Any CPU
		{40B88731-57CD-488C-AB8F-1B5D233838E8}.Analysis|Mixed Platforms.ActiveCfg = Release|Any CPU
		{40B88731-57CD-488C-AB8F-1B5D233838E8}.Analysis|Mixed Platforms.Build.0 = Release|Any CPU
		{40B88731-57CD-488C-AB8F-1B5D233838E8}.Analysis|x86.ActiveCfg = Release|Any CPU
		{40B88731-57CD-488C-AB8F-1B5D233838E8}.Debug|Any CPU.ActiveCfg = Debug|Any CPU
		{40B88731-57CD-488C-AB8F-1B5D233838E8}.Debug|Any CPU.Build.0 = Debug|Any CPU
		{40B88731-57CD-488C-AB8F-1B5D233838E8}.Debug|Mixed Platforms.ActiveCfg = Debug|Any CPU
		{40B88731-57CD-488C-AB8F-1B5D233838E8}.Debug|Mixed Platforms.Build.0 = Debug|Any CPU
		{40B88731-57CD-488C-AB8F-1B5D233838E8}.Debug|x86.ActiveCfg = Debug|Any CPU
		{40B88731-57CD-488C-AB8F-1B5D233838E8}.Release|Any CPU.ActiveCfg = Release|Any CPU
		{40B88731-57CD-488C-AB8F-1B5D233838E8}.Release|Any CPU.Build.0 = Release|Any CPU
		{40B88731-57CD-488C-AB8F-1B5D233838E8}.Release|Mixed Platforms.ActiveCfg = Release|Any CPU
		{40B88731-57CD-488C-AB8F-1B5D233838E8}.Release|Mixed Platforms.Build.0 = Release|Any CPU
		{40B88731-57CD-488C-AB8F-1B5D233838E8}.Release|x86.ActiveCfg = Release|Any CPU
		{EFD6AFA5-F427-41A4-B079-DB3936A884A6}.Analysis|Any CPU.ActiveCfg = Release|x86
		{EFD6AFA5-F427-41A4-B079-DB3936A884A6}.Analysis|Mixed Platforms.ActiveCfg = Release|x86
		{EFD6AFA5-F427-41A4-B079-DB3936A884A6}.Analysis|Mixed Platforms.Build.0 = Release|x86
		{EFD6AFA5-F427-41A4-B079-DB3936A884A6}.Analysis|x86.ActiveCfg = Release|x86
		{EFD6AFA5-F427-41A4-B079-DB3936A884A6}.Analysis|x86.Build.0 = Release|x86
		{EFD6AFA5-F427-41A4-B079-DB3936A884A6}.Debug|Any CPU.ActiveCfg = Debug|x86
		{EFD6AFA5-F427-41A4-B079-DB3936A884A6}.Debug|Mixed Platforms.ActiveCfg = Debug|x86
		{EFD6AFA5-F427-41A4-B079-DB3936A884A6}.Debug|Mixed Platforms.Build.0 = Debug|x86
		{EFD6AFA5-F427-41A4-B079-DB3936A884A6}.Debug|x86.ActiveCfg = Debug|x86
		{EFD6AFA5-F427-41A4-B079-DB3936A884A6}.Debug|x86.Build.0 = Debug|x86
		{EFD6AFA5-F427-41A4-B079-DB3936A884A6}.Release|Any CPU.ActiveCfg = Release|x86
		{EFD6AFA5-F427-41A4-B079-DB3936A884A6}.Release|Mixed Platforms.ActiveCfg = Release|x86
		{EFD6AFA5-F427-41A4-B079-DB3936A884A6}.Release|Mixed Platforms.Build.0 = Release|x86
		{EFD6AFA5-F427-41A4-B079-DB3936A884A6}.Release|x86.ActiveCfg = Release|x86
		{EFD6AFA5-F427-41A4-B079-DB3936A884A6}.Release|x86.Build.0 = Release|x86
		{34186C3B-C308-4CAE-B462-DB7B5F5E378C}.Analysis|Any CPU.ActiveCfg = Analysis|Any CPU
		{34186C3B-C308-4CAE-B462-DB7B5F5E378C}.Analysis|Any CPU.Build.0 = Analysis|Any CPU
		{34186C3B-C308-4CAE-B462-DB7B5F5E378C}.Analysis|Mixed Platforms.ActiveCfg = Analysis|Any CPU
		{34186C3B-C308-4CAE-B462-DB7B5F5E378C}.Analysis|Mixed Platforms.Build.0 = Analysis|Any CPU
		{34186C3B-C308-4CAE-B462-DB7B5F5E378C}.Analysis|x86.ActiveCfg = Analysis|Any CPU
		{34186C3B-C308-4CAE-B462-DB7B5F5E378C}.Debug|Any CPU.ActiveCfg = Debug|Any CPU
		{34186C3B-C308-4CAE-B462-DB7B5F5E378C}.Debug|Any CPU.Build.0 = Debug|Any CPU
		{34186C3B-C308-4CAE-B462-DB7B5F5E378C}.Debug|Mixed Platforms.ActiveCfg = Debug|Any CPU
		{34186C3B-C308-4CAE-B462-DB7B5F5E378C}.Debug|Mixed Platforms.Build.0 = Debug|Any CPU
		{34186C3B-C308-4CAE-B462-DB7B5F5E378C}.Debug|x86.ActiveCfg = Debug|Any CPU
		{34186C3B-C308-4CAE-B462-DB7B5F5E378C}.Release|Any CPU.ActiveCfg = Release|Any CPU
		{34186C3B-C308-4CAE-B462-DB7B5F5E378C}.Release|Any CPU.Build.0 = Release|Any CPU
		{34186C3B-C308-4CAE-B462-DB7B5F5E378C}.Release|Mixed Platforms.ActiveCfg = Release|Any CPU
		{34186C3B-C308-4CAE-B462-DB7B5F5E378C}.Release|Mixed Platforms.Build.0 = Release|Any CPU
		{34186C3B-C308-4CAE-B462-DB7B5F5E378C}.Release|x86.ActiveCfg = Release|Any CPU
	EndGlobalSection
	GlobalSection(SolutionProperties) = preSolution
		HideSolutionNode = FALSE
	EndGlobalSection
EndGlobal
